{
  "version": 4,
  "terraform_version": "1.14.7",
  "serial": 68,
  "lineage": "51533eb2-5197-2fd0-eb7b-a801ba5107c3",
  "outputs": {},
  "resources": [
    {
      "module": "module.auth_service_db",
      "mode": "managed",
      "type": "aws_db_instance",
      "name": "postgresql",
      "provider": "provider[\"registry.terraform.io/hashicorp/aws\"]",
      "instances": [
        {
          "schema_version": 2,
          "attributes": {
            "address": "terraform-20260315020910643800000001.cxogeu640j4o.us-east-1.rds.amazonaws.com",
            "allocated_storage": 10,
            "allow_major_version_upgrade": null,
            "apply_immediately": false,
            "arn": "arn:aws:rds:us-east-1:730335515098:db:terraform-20260315020910643800000001",
            "auto_minor_version_upgrade": true,
            "availability_zone": "us-east-1a",
            "backup_retention_period": 0,
            "backup_target": "region",
            "backup_window": "09:36-10:06",
            "blue_green_update": [],
            "ca_cert_identifier": "rds-ca-rsa2048-g1",
            "character_set_name": "",
            "copy_tags_to_snapshot": false,
            "custom_iam_instance_profile": "",
            "customer_owned_ip_enabled": false,
            "database_insights_mode": "standard",
            "db_name": "authservice",
            "db_subnet_group_name": "db-subnet-group-tech-challenge",
            "dedicated_log_volume": false,
            "delete_automated_backups": true,
            "deletion_protection": false,
            "domain": "",
            "domain_auth_secret_arn": "",
            "domain_dns_ips": null,
            "domain_fqdn": "",
            "domain_iam_role_name": "",
            "domain_ou": "",
            "enabled_cloudwatch_logs_exports": null,
            "endpoint": "terraform-20260315020910643800000001.cxogeu640j4o.us-east-1.rds.amazonaws.com:5432",
            "engine": "postgres",
            "engine_lifecycle_support": "open-source-rds-extended-support",
            "engine_version": "17.6",
            "engine_version_actual": "17.6",
            "final_snapshot_identifier": null,
            "hosted_zone_id": "Z2R2ITUGPM61AM",
            "iam_database_authentication_enabled": false,
            "id": "db-22XGFDPEZVT73TLPBAWQ2A67RM",
            "identifier": "terraform-20260315020910643800000001",
            "identifier_prefix": "terraform-",
            "instance_class": "db.t4g.micro",
            "iops": 0,
            "kms_key_id": "",
            "latest_restorable_time": "",
            "license_model": "postgresql-license",
            "listener_endpoint": [],
            "maintenance_window": "mon:08:10-mon:08:40",
            "manage_master_user_password": null,
            "master_user_secret": [],
            "master_user_secret_kms_key_id": null,
            "max_allocated_storage": 0,
            "monitoring_interval": 0,
            "monitoring_role_arn": "",
            "multi_az": false,
            "nchar_character_set_name": "",
            "network_type": "IPV4",
            "option_group_name": "default:postgres-17",
            "parameter_group_name": "default.postgres17",
            "password": "senhasenha",
            "password_wo": null,
            "password_wo_version": null,
            "performance_insights_enabled": false,
            "performance_insights_kms_key_id": "",
            "performance_insights_retention_period": 0,
            "port": 5432,
            "publicly_accessible": false,
            "region": "us-east-1",
            "replica_mode": "",
            "replicas": [],
            "replicate_source_db": "",
            "resource_id": "db-22XGFDPEZVT73TLPBAWQ2A67RM",
            "restore_to_point_in_time": [],
            "s3_import": [],
            "skip_final_snapshot": true,
            "snapshot_identifier": null,
            "status": "available",
            "storage_encrypted": false,
            "storage_throughput": 0,
            "storage_type": "gp2",
            "tags": null,
            "tags_all": {},
            "timeouts": null,
            "timezone": "",
            "upgrade_rollout_order": "second",
            "upgrade_storage_config": null,
            "username": "authservice",
            "vpc_security_group_ids": [
              ""
            ]
          },
          "sensitive_attributes": [
            [
              {
                "type": "get_attr",
                "value": "password"
              }
            ],
            [
              {
                "type": "get_attr",
                "value": "password_wo"
              }
            ]
          ],
          "identity_schema_version": 0,
          "private": "eyJlMmJmYjczMC1lY2FhLTExZTYtOGY4OC0zNDM2M2JjN2M0YzAiOnsiY3JlYXRlIjozMDAwMDAwMDAwMDAwLCJkZWxldGUiOjM2MDAwMDAwMDAwMDAsInVwZGF0ZSI6NDgwMDAwMDAwMDAwMH0sInNjaGVtYV92ZXJzaW9uIjoiMiJ9",
          "dependencies": [
            "module.db_subnet_group_name.aws_db_subnet_group.backend_subnet_group",
            "module.igw.aws_internet_gateway.tech_challenge",
            "module.ngw.aws_eip.eip_nat_tech_challenge",
            "module.ngw.aws_nat_gateway.tech_challenge",
            "module.route_table_priv.aws_route_table.tech_challenge",
            "module.route_table_priv.aws_route_table_association.a",
            "module.route_table_priv.aws_route_table_association.b",
            "module.subnet_priv_a.aws_subnet.tech_challenge",
            "module.subnet_priv_b.aws_subnet.tech_challenge",
            "module.subnet_pub_a.aws_subnet.tech_challenge",
            "module.vpc.aws_vpc.tech_challenge"
          ]
        }
      ]
    },
    {
      "module": "module.db_subnet_group_name",
      "mode": "managed",
      "type": "aws_db_subnet_group",
      "name": "backend_subnet_group",
      "provider": "provider[\"registry.terraform.io/hashicorp/aws\"]",
      "instances": [
        {
          "schema_version": 0,
          "attributes": {
            "arn": "arn:aws:rds:us-east-1:730335515098:subgrp:db-subnet-group-tech-challenge",
            "description": "Managed by Terraform",
            "id": "db-subnet-group-tech-challenge",
            "name": "db-subnet-group-tech-challenge",
            "name_prefix": "",
            "region": "us-east-1",
            "subnet_ids": [
              "subnet-01699f8796c5eb608",
              "subnet-0b1bbfcccd34df422"
            ],
            "supported_network_types": [
              "IPV4"
            ],
            "tags": {
              "Name": "db-subnet-group-tech-challenge"
            },
            "tags_all": {
              "Name": "db-subnet-group-tech-challenge"
            },
            "vpc_id": "vpc-0efd280249df00706"
          },
          "sensitive_attributes": [],
          "identity_schema_version": 0,
          "private": "bnVsbA==",
          "dependencies": [
            "module.igw.aws_internet_gateway.tech_challenge",
            "module.ngw.aws_eip.eip_nat_tech_challenge",
            "module.ngw.aws_nat_gateway.tech_challenge",
            "module.route_table_priv.aws_route_table.tech_challenge",
            "module.route_table_priv.aws_route_table_association.a",
            "module.route_table_priv.aws_route_table_association.b",
            "module.subnet_priv_a.aws_subnet.tech_challenge",
            "module.subnet_priv_b.aws_subnet.tech_challenge",
            "module.subnet_pub_a.aws_subnet.tech_challenge",
            "module.vpc.aws_vpc.tech_challenge"
          ]
        }
      ]
    },
    {
      "module": "module.eks_cluster",
      "mode": "managed",
      "type": "aws_eks_cluster",
      "name": "eks_cluster_tech_challenge",
      "provider": "provider[\"registry.terraform.io/hashicorp/aws\"]",
      "instances": [
        {
          "schema_version": 1,
          "attributes": {
            "access_config": [
              {
                "authentication_mode": "API",
                "bootstrap_cluster_creator_admin_permissions": false
              }
            ],
            "arn": "arn:aws:eks:us-east-1:730335515098:cluster/eks-cluster-tech-challenge",
            "bootstrap_self_managed_addons": true,
            "certificate_authority": [
              {
                "data": "LS0tLS1CRUdJTiBDRVJUSUZJQ0FURS0tLS0tCk1JSURCVENDQWUyZ0F3SUJBZ0lJQm1zc0dqNDNxVWt3RFFZSktvWklodmNOQVFFTEJRQXdGVEVUTUJFR0ExVUUKQXhNS2EzVmlaWEp1WlhSbGN6QWVGdzB5TmpBek1UVXdNVE0yTkRkYUZ3MHpOakF6TVRJd01UUXhORGRhTUJVeApFekFSQmdOVkJBTVRDbXQxWW1WeWJtVjBaWE13Z2dFaU1BMEdDU3FHU0liM0RRRUJBUVVBQTRJQkR3QXdnZ0VLCkFvSUJBUUM0U3FENWlIdEJHa3E1UGtOdy82WHlRZ01xRnRjNjM2THNhbFNkS1M0R2ZJandxdXduNitmNWszQW4KRzErbkJOQTUzUnN4bk94N0hzU291S1F2RFk3NS9LV1FNdDhsenpDYUxHS1JSQ09MQXYzUEZrUitTR0lBRzJDYgpmQ2d5MTRnS0pOSUUrUFJGZWFXTklDWU94MEVDemVlVTAzb0FGY0xoUDMvNW96OW5hWjA4R1E2anExalpBbHRhCmN0MTJYa1IzQ1lPTmlmUDVlOE1BWU5SSTh0NXY2RzM0UGNkS01SYlFiWGVJRXRFa0VJajQ0aWNzQ0NqdVdKQS8KeWJZOFFZZmVHTE1RM29NZ2JFNDJJWHRMNGtaVzNBZEF3cUNSbkdielJyVnJvS05sZTBIcVR2aWVkUjh6aGk3OQpqWFpNQjNsZWtaeDExQ29VZnk0alZaRy9RbnROQWdNQkFBR2pXVEJYTUE0R0ExVWREd0VCL3dRRUF3SUNwREFQCkJnTlZIUk1CQWY4RUJUQURBUUgvTUIwR0ExVWREZ1FXQkJSUG1hVXIwZlBHZG00ZGtyMk9EL2IyQ3hoRkdUQVYKQmdOVkhSRUVEakFNZ2dwcmRXSmxjbTVsZEdWek1BMEdDU3FHU0liM0RRRUJDd1VBQTRJQkFRQVpsb3MyU1hHWQovdVJ5c1Vyd0ZCYVc3Kzg2Wk9SME9GT1YySW53Y2JhSnZwZTlPTHlIVmlyb2xFV0VWSHBJL0syTlAzazh4NlJLCkNzdFJlQVpZVmlGZFVmZS94VmRqU2ZTQ3RkbnIxRDNua2pZQU9MY2VEaTA3RjRmdEg0dzNqbWFWbmwycUVNREsKaG9hSnJqdklCZlk4UWlZK3dzVDFFQ0w3b1lrYlQ3cjR1ZFdNUko1U2hvcDJvL210M3Q2V05vUTBMNzZHVElacgpNUlM3RGRqZ0ZxL2NuN2o0cytiK3g2MDRYamFmSmFNb0tLdGhQaDFja0JXZWxRWnV4d2JweEp3YkkzU2RxdG1sCnlKMC80Y3RrYjJENDFnTFNxR3QrME1PYi81RDkzYSt6b3h0dnhJMldlS3Q4ck1IUWF0OGNDeHpQSC8wVXFWR2UKbjdSSHdDc3RHUll6Ci0tLS0tRU5EIENFUlRJRklDQVRFLS0tLS0K"
              }
            ],
            "cluster_id": null,
            "compute_config": [
              {
                "enabled": false,
                "node_pools": [],
                "node_role_arn": ""
              }
            ],
            "control_plane_scaling_config": [
              {
                "tier": "standard"
              }
            ],
            "created_at": "2026-03-15T01:36:43Z",
            "deletion_protection": false,
            "enabled_cluster_log_types": [],
            "encryption_config": [],
            "endpoint": "https://8C4CC4F6B36C599F399157D929974A98.gr7.us-east-1.eks.amazonaws.com",
            "force_update_version": null,
            "id": "eks-cluster-tech-challenge",
            "identity": [
              {
                "oidc": [
                  {
                    "issuer": "https://oidc.eks.us-east-1.amazonaws.com/id/8C4CC4F6B36C599F399157D929974A98"
                  }
                ]
              }
            ],
            "kubernetes_network_config": [
              {
                "elastic_load_balancing": [
                  {
                    "enabled": false
                  }
                ],
                "ip_family": "ipv4",
                "service_ipv4_cidr": "172.20.0.0/16",
                "service_ipv6_cidr": ""
              }
            ],
            "name": "eks-cluster-tech-challenge",
            "outpost_config": [],
            "platform_version": "eks.5",
            "region": "us-east-1",
            "remote_network_config": [],
            "role_arn": "arn:aws:iam::730335515098:role/LabRole",
            "status": "ACTIVE",
            "storage_config": [
              {
                "block_storage": [
                  {
                    "enabled": false
                  }
                ]
              }
            ],
            "tags": {},
            "tags_all": {},
            "timeouts": null,
            "upgrade_policy": [
              {
                "support_type": "EXTENDED"
              }
            ],
            "version": "1.35",
            "vpc_config": [
              {
                "cluster_security_group_id": "sg-06abe8740a63e17a0",
                "endpoint_private_access": false,
                "endpoint_public_access": true,
                "public_access_cidrs": [
                  "0.0.0.0/0"
                ],
                "security_group_ids": [],
                "subnet_ids": [
                  "subnet-0c1c90014d1da007e",
                  "subnet-0d36496ee7668c34f"
                ],
                "vpc_id": "vpc-0efd280249df00706"
              }
            ],
            "zonal_shift_config": []
          },
          "sensitive_attributes": [],
          "identity_schema_version": 0,
          "private": "eyJlMmJmYjczMC1lY2FhLTExZTYtOGY4OC0zNDM2M2JjN2M0YzAiOnsiY3JlYXRlIjoxODAwMDAwMDAwMDAwLCJkZWxldGUiOjkwMDAwMDAwMDAwMCwidXBkYXRlIjozNjAwMDAwMDAwMDAwfSwic2NoZW1hX3ZlcnNpb24iOiIxIn0=",
          "dependencies": [
            "module.igw.aws_internet_gateway.tech_challenge",
            "module.route_table_pub.aws_route_table.tech_challenge",
            "module.route_table_pub.aws_route_table_association.a",
            "module.route_table_pub.aws_route_table_association.b",
            "module.subnet_pub_a.aws_subnet.tech_challenge",
            "module.subnet_pub_b.aws_subnet.tech_challenge",
            "module.vpc.aws_vpc.tech_challenge"
          ]
        }
      ]
    },
    {
      "module": "module.eks_node_group",
      "mode": "managed",
      "type": "aws_eks_node_group",
      "name": "node_pool_tech_challenge",
      "provider": "provider[\"registry.terraform.io/hashicorp/aws\"]",
      "instances": [
        {
          "schema_version": 0,
          "attributes": {
            "ami_type": "AL2023_x86_64_STANDARD",
            "arn": "arn:aws:eks:us-east-1:730335515098:nodegroup/eks-cluster-tech-challenge/np-tech-challenge/c2ce7794-e695-a95d-c845-05af71f6316d",
            "capacity_type": "ON_DEMAND",
            "cluster_name": "eks-cluster-tech-challenge",
            "disk_size": 20,
            "force_update_version": null,
            "id": "eks-cluster-tech-challenge:np-tech-challenge",
            "instance_types": [
              "t3.medium"
            ],
            "labels": {},
            "launch_template": [],
            "node_group_name": "np-tech-challenge",
            "node_group_name_prefix": "",
            "node_repair_config": [],
            "node_role_arn": "arn:aws:iam::730335515098:role/LabRole",
            "region": "us-east-1",
            "release_version": "1.35.2-20260304",
            "remote_access": [],
            "resources": [
              {
                "autoscaling_groups": [
                  {
                    "name": "eks-np-tech-challenge-c2ce7794-e695-a95d-c845-05af71f6316d"
                  }
                ],
                "remote_access_security_group_id": ""
              }
            ],
            "scaling_config": [
              {
                "desired_size": 2,
                "max_size": 4,
                "min_size": 1
              }
            ],
            "status": "ACTIVE",
            "subnet_ids": [
              "subnet-01699f8796c5eb608",
              "subnet-0b1bbfcccd34df422"
            ],
            "tags": {},
            "tags_all": {},
            "taint": [],
            "timeouts": null,
            "update_config": [
              {
                "max_unavailable": 1,
                "max_unavailable_percentage": 0,
                "update_strategy": ""
              }
            ],
            "version": "1.35"
          },
          "sensitive_attributes": [],
          "identity_schema_version": 0,
          "private": "eyJlMmJmYjczMC1lY2FhLTExZTYtOGY4OC0zNDM2M2JjN2M0YzAiOnsiY3JlYXRlIjozNjAwMDAwMDAwMDAwLCJkZWxldGUiOjM2MDAwMDAwMDAwMDAsInVwZGF0ZSI6MzYwMDAwMDAwMDAwMH19",
          "dependencies": [
            "module.eks_cluster.aws_eks_cluster.eks_cluster_tech_challenge",
            "module.igw.aws_internet_gateway.tech_challenge",
            "module.route_table_pub.aws_route_table.tech_challenge",
            "module.route_table_pub.aws_route_table_association.a",
            "module.route_table_pub.aws_route_table_association.b",
            "module.subnet_priv_a.aws_subnet.tech_challenge",
            "module.subnet_priv_b.aws_subnet.tech_challenge",
            "module.subnet_pub_a.aws_subnet.tech_challenge",
            "module.subnet_pub_b.aws_subnet.tech_challenge",
            "module.vpc.aws_vpc.tech_challenge"
          ]
        }
      ]
    },
    {
      "module": "module.igw",
      "mode": "managed",
      "type": "aws_internet_gateway",
      "name": "tech_challenge",
      "provider": "provider[\"registry.terraform.io/hashicorp/aws\"]",
      "instances": [
        {
          "schema_version": 0,
          "attributes": {
            "arn": "arn:aws:ec2:us-east-1:730335515098:internet-gateway/igw-03bdba56e18c617e8",
            "id": "igw-03bdba56e18c617e8",
            "owner_id": "730335515098",
            "region": "us-east-1",
            "tags": {
              "Name": "igw-tech-challenge"
            },
            "tags_all": {
              "Name": "igw-tech-challenge"
            },
            "timeouts": null,
            "vpc_id": "vpc-0efd280249df00706"
          },
          "sensitive_attributes": [],
          "identity_schema_version": 0,
          "private": "eyJlMmJmYjczMC1lY2FhLTExZTYtOGY4OC0zNDM2M2JjN2M0YzAiOnsiY3JlYXRlIjoxMjAwMDAwMDAwMDAwLCJkZWxldGUiOjEyMDAwMDAwMDAwMDAsInVwZGF0ZSI6MTIwMDAwMDAwMDAwMH19",
          "dependencies": [
            "module.subnet_pub_a.aws_subnet.tech_challenge",
            "module.vpc.aws_vpc.tech_challenge"
          ]
        }
      ]
    },
    {
      "module": "module.ngw",
      "mode": "managed",
      "type": "aws_eip",
      "name": "eip_nat_tech_challenge",
      "provider": "provider[\"registry.terraform.io/hashicorp/aws\"]",
      "instances": [
        {
          "schema_version": 0,
          "attributes": {
            "address": null,
            "allocation_id": "eipalloc-059cb7e3e08bc40e1",
            "arn": "arn:aws:ec2:us-east-1:730335515098:elastic-ip/eipalloc-059cb7e3e08bc40e1",
            "associate_with_private_ip": null,
            "association_id": "eipassoc-07c9971ffb4183d9d",
            "carrier_ip": "",
            "customer_owned_ip": "",
            "customer_owned_ipv4_pool": "",
            "domain": "vpc",
            "id": "eipalloc-059cb7e3e08bc40e1",
            "instance": "",
            "ipam_pool_id": null,
            "network_border_group": "us-east-1",
            "network_interface": "eni-0777f4a710e156f9b",
            "private_dns": "ip-10-0-2-100.ec2.internal",
            "private_ip": "10.0.2.100",
            "ptr_record": "",
            "public_dns": "ec2-107-23-49-176.compute-1.amazonaws.com",
            "public_ip": "107.23.49.176",
            "public_ipv4_pool": "amazon",
            "region": "us-east-1",
            "tags": {},
            "tags_all": {},
            "timeouts": null
          },
          "sensitive_attributes": [],
          "identity_schema_version": 0,
          "private": "eyJlMmJmYjczMC1lY2FhLTExZTYtOGY4OC0zNDM2M2JjN2M0YzAiOnsiZGVsZXRlIjoxODAwMDAwMDAwMDAsInJlYWQiOjkwMDAwMDAwMDAwMCwidXBkYXRlIjozMDAwMDAwMDAwMDB9fQ==",
          "dependencies": [
            "module.igw.aws_internet_gateway.tech_challenge",
            "module.subnet_pub_a.aws_subnet.tech_challenge",
            "module.vpc.aws_vpc.tech_challenge"
          ]
        }
      ]
    },
    {
      "module": "module.ngw",
      "mode": "managed",
      "type": "aws_nat_gateway",
      "name": "tech_challenge",
      "provider": "provider[\"registry.terraform.io/hashicorp/aws\"]",
      "instances": [
        {
          "schema_version": 0,
          "attributes": {
            "allocation_id": "eipalloc-059cb7e3e08bc40e1",
            "association_id": "eipassoc-07c9971ffb4183d9d",
            "auto_provision_zones": null,
            "auto_scaling_ips": null,
            "availability_mode": "zonal",
            "availability_zone_address": [],
            "connectivity_type": "public",
            "id": "nat-0fe1c8780cff786e9",
            "network_interface_id": "eni-0777f4a710e156f9b",
            "private_ip": "10.0.2.100",
            "public_ip": "107.23.49.176",
            "region": "us-east-1",
            "regional_nat_gateway_address": [],
            "regional_nat_gateway_auto_mode": null,
            "route_table_id": null,
            "secondary_allocation_ids": [],
            "secondary_private_ip_address_count": 0,
            "secondary_private_ip_addresses": [],
            "subnet_id": "subnet-0c1c90014d1da007e",
            "tags": {
              "Name": "ngw-tech-challenge"
            },
            "tags_all": {
              "Name": "ngw-tech-challenge"
            },
            "timeouts": null,
            "vpc_id": "vpc-0efd280249df00706"
          },
          "sensitive_attributes": [],
          "identity_schema_version": 0,
          "private": "eyJlMmJmYjczMC1lY2FhLTExZTYtOGY4OC0zNDM2M2JjN2M0YzAiOnsiY3JlYXRlIjo2MDAwMDAwMDAwMDAsImRlbGV0ZSI6MTgwMDAwMDAwMDAwMCwidXBkYXRlIjo2MDAwMDAwMDAwMDB9fQ==",
          "dependencies": [
            "module.igw.aws_internet_gateway.tech_challenge",
            "module.ngw.aws_eip.eip_nat_tech_challenge",
            "module.subnet_pub_a.aws_subnet.tech_challenge",
            "module.vpc.aws_vpc.tech_challenge"
          ]
        }
      ]
    },
    {
      "module": "module.route_table_priv",
      "mode": "managed",
      "type": "aws_route_table",
      "name": "tech_challenge",
      "provider": "provider[\"registry.terraform.io/hashicorp/aws\"]",
      "instances": [
        {
          "schema_version": 0,
          "attributes": {
            "arn": "arn:aws:ec2:us-east-1:730335515098:route-table/rtb-0252fc5cefa960118",
            "id": "rtb-0252fc5cefa960118",
            "owner_id": "730335515098",
            "propagating_vgws": [],
            "region": "us-east-1",
            "route": [
              {
                "carrier_gateway_id": "",
                "cidr_block": "0.0.0.0/0",
                "core_network_arn": "",
                "destination_prefix_list_id": "",
                "egress_only_gateway_id": "",
                "gateway_id": "nat-0fe1c8780cff786e9",
                "ipv6_cidr_block": "",
                "local_gateway_id": "",
                "nat_gateway_id": "",
                "network_interface_id": "",
                "transit_gateway_id": "",
                "vpc_endpoint_id": "",
                "vpc_peering_connection_id": ""
              }
            ],
            "tags": {
              "Name": "rt-table-tech-challenge"
            },
            "tags_all": {
              "Name": "rt-table-tech-challenge"
            },
            "timeouts": null,
            "vpc_id": "vpc-0efd280249df00706"
          },
          "sensitive_attributes": [],
          "identity_schema_version": 0,
          "identity": {
            "account_id": "730335515098",
            "id": "rtb-0252fc5cefa960118",
            "region": "us-east-1"
          },
          "private": "eyJlMmJmYjczMC1lY2FhLTExZTYtOGY4OC0zNDM2M2JjN2M0YzAiOnsiY3JlYXRlIjozMDAwMDAwMDAwMDAsImRlbGV0ZSI6MzAwMDAwMDAwMDAwLCJ1cGRhdGUiOjEyMDAwMDAwMDAwMH19",
          "dependencies": [
            "module.igw.aws_internet_gateway.tech_challenge",
            "module.ngw.aws_eip.eip_nat_tech_challenge",
            "module.ngw.aws_nat_gateway.tech_challenge",
            "module.subnet_pub_a.aws_subnet.tech_challenge",
            "module.vpc.aws_vpc.tech_challenge"
          ]
        }
      ]
    },
    {
      "module": "module.route_table_priv",
      "mode": "managed",
      "type": "aws_route_table_association",
      "name": "a",
      "provider": "provider[\"registry.terraform.io/hashicorp/aws\"]",
      "instances": [
        {
          "schema_version": 0,
          "attributes": {
            "gateway_id": "",
            "id": "rtbassoc-0553aeaae3f2ffd59",
            "region": "us-east-1",
            "route_table_id": "rtb-0252fc5cefa960118",
            "subnet_id": "subnet-0b1bbfcccd34df422",
            "timeouts": null
          },
          "sensitive_attributes": [],
          "identity_schema_version": 0,
          "private": "eyJlMmJmYjczMC1lY2FhLTExZTYtOGY4OC0zNDM2M2JjN2M0YzAiOnsiY3JlYXRlIjozMDAwMDAwMDAwMDAsImRlbGV0ZSI6MzAwMDAwMDAwMDAwLCJ1cGRhdGUiOjEyMDAwMDAwMDAwMH19",
          "dependencies": [
            "module.igw.aws_internet_gateway.tech_challenge",
            "module.ngw.aws_eip.eip_nat_tech_challenge",
            "module.ngw.aws_nat_gateway.tech_challenge",
            "module.route_table_priv.aws_route_table.tech_challenge",
            "module.subnet_priv_a.aws_subnet.tech_challenge",
            "module.subnet_pub_a.aws_subnet.tech_challenge",
            "module.vpc.aws_vpc.tech_challenge"
          ]
        }
      ]
    },
    {
      "module": "module.route_table_priv",
      "mode": "managed",
      "type": "aws_route_table_association",
      "name": "b",
      "provider": "provider[\"registry.terraform.io/hashicorp/aws\"]",
      "instances": [
        {
          "schema_version": 0,
          "attributes": {
            "gateway_id": "",
            "id": "rtbassoc-0a764d4322d656f34",
            "region": "us-east-1",
            "route_table_id": "rtb-0252fc5cefa960118",
            "subnet_id": "subnet-01699f8796c5eb608",
            "timeouts": null
          },
          "sensitive_attributes": [],
          "identity_schema_version": 0,
          "private": "eyJlMmJmYjczMC1lY2FhLTExZTYtOGY4OC0zNDM2M2JjN2M0YzAiOnsiY3JlYXRlIjozMDAwMDAwMDAwMDAsImRlbGV0ZSI6MzAwMDAwMDAwMDAwLCJ1cGRhdGUiOjEyMDAwMDAwMDAwMH19",
          "dependencies": [
            "module.igw.aws_internet_gateway.tech_challenge",
            "module.ngw.aws_eip.eip_nat_tech_challenge",
            "module.ngw.aws_nat_gateway.tech_challenge",
            "module.route_table_priv.aws_route_table.tech_challenge",
            "module.subnet_priv_b.aws_subnet.tech_challenge",
            "module.subnet_pub_a.aws_subnet.tech_challenge",
            "module.vpc.aws_vpc.tech_challenge"
          ]
        }
      ]
    },
    {
      "module": "module.route_table_pub",
      "mode": "managed",
      "type": "aws_route_table",
      "name": "tech_challenge",
      "provider": "provider[\"registry.terraform.io/hashicorp/aws\"]",
      "instances": [
        {
          "schema_version": 0,
          "attributes": {
            "arn": "arn:aws:ec2:us-east-1:730335515098:route-table/rtb-0d3a38de08732b843",
            "id": "rtb-0d3a38de08732b843",
            "owner_id": "730335515098",
            "propagating_vgws": [],
            "region": "us-east-1",
            "route": [
              {
                "carrier_gateway_id": "",
                "cidr_block": "0.0.0.0/0",
                "core_network_arn": "",
                "destination_prefix_list_id": "",
                "egress_only_gateway_id": "",
                "gateway_id": "igw-03bdba56e18c617e8",
                "ipv6_cidr_block": "",
                "local_gateway_id": "",
                "nat_gateway_id": "",
                "network_interface_id": "",
                "transit_gateway_id": "",
                "vpc_endpoint_id": "",
                "vpc_peering_connection_id": ""
              }
            ],
            "tags": {
              "Name": "rt-table-tech-challenge"
            },
            "tags_all": {
              "Name": "rt-table-tech-challenge"
            },
            "timeouts": null,
            "vpc_id": "vpc-0efd280249df00706"
          },
          "sensitive_attributes": [],
          "identity_schema_version": 0,
          "identity": {
            "account_id": "730335515098",
            "id": "rtb-0d3a38de08732b843",
            "region": "us-east-1"
          },
          "private": "eyJlMmJmYjczMC1lY2FhLTExZTYtOGY4OC0zNDM2M2JjN2M0YzAiOnsiY3JlYXRlIjozMDAwMDAwMDAwMDAsImRlbGV0ZSI6MzAwMDAwMDAwMDAwLCJ1cGRhdGUiOjEyMDAwMDAwMDAwMH19",
          "dependencies": [
            "module.igw.aws_internet_gateway.tech_challenge",
            "module.subnet_pub_a.aws_subnet.tech_challenge",
            "module.vpc.aws_vpc.tech_challenge"
          ]
        }
      ]
    },
    {
      "module": "module.route_table_pub",
      "mode": "managed",
      "type": "aws_route_table_association",
      "name": "a",
      "provider": "provider[\"registry.terraform.io/hashicorp/aws\"]",
      "instances": [
        {
          "schema_version": 0,
          "attributes": {
            "gateway_id": "",
            "id": "rtbassoc-0f2167df9aa0ae945",
            "region": "us-east-1",
            "route_table_id": "rtb-0d3a38de08732b843",
            "subnet_id": "subnet-0c1c90014d1da007e",
            "timeouts": null
          },
          "sensitive_attributes": [],
          "identity_schema_version": 0,
          "private": "eyJlMmJmYjczMC1lY2FhLTExZTYtOGY4OC0zNDM2M2JjN2M0YzAiOnsiY3JlYXRlIjozMDAwMDAwMDAwMDAsImRlbGV0ZSI6MzAwMDAwMDAwMDAwLCJ1cGRhdGUiOjEyMDAwMDAwMDAwMH19",
          "dependencies": [
            "module.igw.aws_internet_gateway.tech_challenge",
            "module.route_table_pub.aws_route_table.tech_challenge",
            "module.subnet_pub_a.aws_subnet.tech_challenge",
            "module.vpc.aws_vpc.tech_challenge"
          ]
        }
      ]
    },
    {
      "module": "module.route_table_pub",
      "mode": "managed",
      "type": "aws_route_table_association",
      "name": "b",
      "provider": "provider[\"registry.terraform.io/hashicorp/aws\"]",
      "instances": [
        {
          "schema_version": 0,
          "attributes": {
            "gateway_id": "",
            "id": "rtbassoc-0bcbf45c86e906160",
            "region": "us-east-1",
            "route_table_id": "rtb-0d3a38de08732b843",
            "subnet_id": "subnet-0d36496ee7668c34f",
            "timeouts": null
          },
          "sensitive_attributes": [],
          "identity_schema_version": 0,
          "private": "eyJlMmJmYjczMC1lY2FhLTExZTYtOGY4OC0zNDM2M2JjN2M0YzAiOnsiY3JlYXRlIjozMDAwMDAwMDAwMDAsImRlbGV0ZSI6MzAwMDAwMDAwMDAwLCJ1cGRhdGUiOjEyMDAwMDAwMDAwMH19",
          "dependencies": [
            "module.igw.aws_internet_gateway.tech_challenge",
            "module.route_table_pub.aws_route_table.tech_challenge",
            "module.subnet_pub_a.aws_subnet.tech_challenge",
            "module.subnet_pub_b.aws_subnet.tech_challenge",
            "module.vpc.aws_vpc.tech_challenge"
          ]
        }
      ]
    },
    {
      "module": "module.subnet_priv_a",
      "mode": "managed",
      "type": "aws_subnet",
      "name": "tech_challenge",
      "provider": "provider[\"registry.terraform.io/hashicorp/aws\"]",
      "instances": [
        {
          "schema_version": 1,
          "attributes": {
            "arn": "arn:aws:ec2:us-east-1:730335515098:subnet/subnet-0b1bbfcccd34df422",
            "assign_ipv6_address_on_creation": false,
            "availability_zone": "us-east-1a",
            "availability_zone_id": "use1-az4",
            "cidr_block": "10.0.1.0/24",
            "customer_owned_ipv4_pool": "",
            "enable_dns64": false,
            "enable_lni_at_device_index": 0,
            "enable_resource_name_dns_a_record_on_launch": false,
            "enable_resource_name_dns_aaaa_record_on_launch": false,
            "id": "subnet-0b1bbfcccd34df422",
            "ipv4_ipam_pool_id": null,
            "ipv4_netmask_length": null,
            "ipv6_cidr_block": "",
            "ipv6_cidr_block_association_id": "",
            "ipv6_ipam_pool_id": null,
            "ipv6_native": false,
            "ipv6_netmask_length": null,
            "map_customer_owned_ip_on_launch": false,
            "map_public_ip_on_launch": false,
            "outpost_arn": "",
            "owner_id": "730335515098",
            "private_dns_hostname_type_on_launch": "ip-name",
            "region": "us-east-1",
            "tags": {
              "Name": "subnet-priv-a-tech-challenge"
            },
            "tags_all": {
              "Name": "subnet-priv-a-tech-challenge"
            },
            "timeouts": null,
            "vpc_id": "vpc-0efd280249df00706"
          },
          "sensitive_attributes": [],
          "identity_schema_version": 0,
          "identity": {
            "account_id": "730335515098",
            "id": "subnet-0b1bbfcccd34df422",
            "region": "us-east-1"
          },
          "private": "eyJlMmJmYjczMC1lY2FhLTExZTYtOGY4OC0zNDM2M2JjN2M0YzAiOnsiY3JlYXRlIjo2MDAwMDAwMDAwMDAsImRlbGV0ZSI6MTIwMDAwMDAwMDAwMH0sInNjaGVtYV92ZXJzaW9uIjoiMSJ9",
          "dependencies": [
            "module.vpc.aws_vpc.tech_challenge"
          ]
        }
      ]
    },
    {
      "module": "module.subnet_priv_b",
      "mode": "managed",
      "type": "aws_subnet",
      "name": "tech_challenge",
      "provider": "provider[\"registry.terraform.io/hashicorp/aws\"]",
      "instances": [
        {
          "schema_version": 1,
          "attributes": {
            "arn": "arn:aws:ec2:us-east-1:730335515098:subnet/subnet-01699f8796c5eb608",
            "assign_ipv6_address_on_creation": false,
            "availability_zone": "us-east-1b",
            "availability_zone_id": "use1-az6",
            "cidr_block": "10.0.3.0/24",
            "customer_owned_ipv4_pool": "",
            "enable_dns64": false,
            "enable_lni_at_device_index": 0,
            "enable_resource_name_dns_a_record_on_launch": false,
            "enable_resource_name_dns_aaaa_record_on_launch": false,
            "id": "subnet-01699f8796c5eb608",
            "ipv4_ipam_pool_id": null,
            "ipv4_netmask_length": null,
            "ipv6_cidr_block": "",
            "ipv6_cidr_block_association_id": "",
            "ipv6_ipam_pool_id": null,
            "ipv6_native": false,
            "ipv6_netmask_length": null,
            "map_customer_owned_ip_on_launch": false,
            "map_public_ip_on_launch": false,
            "outpost_arn": "",
            "owner_id": "730335515098",
            "private_dns_hostname_type_on_launch": "ip-name",
            "region": "us-east-1",
            "tags": {
              "Name": "subnet-priv-b-tech-challenge"
            },
            "tags_all": {
              "Name": "subnet-priv-b-tech-challenge"
            },
            "timeouts": null,
            "vpc_id": "vpc-0efd280249df00706"
          },
          "sensitive_attributes": [],
          "identity_schema_version": 0,
          "identity": {
            "account_id": "730335515098",
            "id": "subnet-01699f8796c5eb608",
            "region": "us-east-1"
          },
          "private": "eyJlMmJmYjczMC1lY2FhLTExZTYtOGY4OC0zNDM2M2JjN2M0YzAiOnsiY3JlYXRlIjo2MDAwMDAwMDAwMDAsImRlbGV0ZSI6MTIwMDAwMDAwMDAwMH0sInNjaGVtYV92ZXJzaW9uIjoiMSJ9",
          "dependencies": [
            "module.vpc.aws_vpc.tech_challenge"
          ]
        }
      ]
    },
    {
      "module": "module.subnet_pub_a",
      "mode": "managed",
      "type": "aws_subnet",
      "name": "tech_challenge",
      "provider": "provider[\"registry.terraform.io/hashicorp/aws\"]",
      "instances": [
        {
          "schema_version": 1,
          "attributes": {
            "arn": "arn:aws:ec2:us-east-1:730335515098:subnet/subnet-0c1c90014d1da007e",
            "assign_ipv6_address_on_creation": false,
            "availability_zone": "us-east-1a",
            "availability_zone_id": "use1-az4",
            "cidr_block": "10.0.2.0/24",
            "customer_owned_ipv4_pool": "",
            "enable_dns64": false,
            "enable_lni_at_device_index": 0,
            "enable_resource_name_dns_a_record_on_launch": false,
            "enable_resource_name_dns_aaaa_record_on_launch": false,
            "id": "subnet-0c1c90014d1da007e",
            "ipv4_ipam_pool_id": null,
            "ipv4_netmask_length": null,
            "ipv6_cidr_block": "",
            "ipv6_cidr_block_association_id": "",
            "ipv6_ipam_pool_id": null,
            "ipv6_native": false,
            "ipv6_netmask_length": null,
            "map_customer_owned_ip_on_launch": false,
            "map_public_ip_on_launch": false,
            "outpost_arn": "",
            "owner_id": "730335515098",
            "private_dns_hostname_type_on_launch": "ip-name",
            "region": "us-east-1",
            "tags": {
              "Name": "subnet-pub-a-tech-challenge"
            },
            "tags_all": {
              "Name": "subnet-pub-a-tech-challenge"
            },
            "timeouts": null,
            "vpc_id": "vpc-0efd280249df00706"
          },
          "sensitive_attributes": [],
          "identity_schema_version": 0,
          "identity": {
            "account_id": "730335515098",
            "id": "subnet-0c1c90014d1da007e",
            "region": "us-east-1"
          },
          "private": "eyJlMmJmYjczMC1lY2FhLTExZTYtOGY4OC0zNDM2M2JjN2M0YzAiOnsiY3JlYXRlIjo2MDAwMDAwMDAwMDAsImRlbGV0ZSI6MTIwMDAwMDAwMDAwMH0sInNjaGVtYV92ZXJzaW9uIjoiMSJ9",
          "dependencies": [
            "module.vpc.aws_vpc.tech_challenge"
          ]
        }
      ]
    },
    {
      "module": "module.subnet_pub_b",
      "mode": "managed",
      "type": "aws_subnet",
      "name": "tech_challenge",
      "provider": "provider[\"registry.terraform.io/hashicorp/aws\"]",
      "instances": [
        {
          "schema_version": 1,
          "attributes": {
            "arn": "arn:aws:ec2:us-east-1:730335515098:subnet/subnet-0d36496ee7668c34f",
            "assign_ipv6_address_on_creation": false,
            "availability_zone": "us-east-1b",
            "availability_zone_id": "use1-az6",
            "cidr_block": "10.0.4.0/24",
            "customer_owned_ipv4_pool": "",
            "enable_dns64": false,
            "enable_lni_at_device_index": 0,
            "enable_resource_name_dns_a_record_on_launch": false,
            "enable_resource_name_dns_aaaa_record_on_launch": false,
            "id": "subnet-0d36496ee7668c34f",
            "ipv4_ipam_pool_id": null,
            "ipv4_netmask_length": null,
            "ipv6_cidr_block": "",
            "ipv6_cidr_block_association_id": "",
            "ipv6_ipam_pool_id": null,
            "ipv6_native": false,
            "ipv6_netmask_length": null,
            "map_customer_owned_ip_on_launch": false,
            "map_public_ip_on_launch": false,
            "outpost_arn": "",
            "owner_id": "730335515098",
            "private_dns_hostname_type_on_launch": "ip-name",
            "region": "us-east-1",
            "tags": {
              "Name": "subnet-pub-b-tech-challenge"
            },
            "tags_all": {
              "Name": "subnet-pub-b-tech-challenge"
            },
            "timeouts": null,
            "vpc_id": "vpc-0efd280249df00706"
          },
          "sensitive_attributes": [],
          "identity_schema_version": 0,
          "identity": {
            "account_id": "730335515098",
            "id": "subnet-0d36496ee7668c34f",
            "region": "us-east-1"
          },
          "private": "eyJlMmJmYjczMC1lY2FhLTExZTYtOGY4OC0zNDM2M2JjN2M0YzAiOnsiY3JlYXRlIjo2MDAwMDAwMDAwMDAsImRlbGV0ZSI6MTIwMDAwMDAwMDAwMH0sInNjaGVtYV92ZXJzaW9uIjoiMSJ9",
          "dependencies": [
            "module.vpc.aws_vpc.tech_challenge"
          ]
        }
      ]
    },
    {
      "module": "module.vpc",
      "mode": "managed",
      "type": "aws_vpc",
      "name": "tech_challenge",
      "provider": "provider[\"registry.terraform.io/hashicorp/aws\"]",
      "instances": [
        {
          "schema_version": 1,
          "attributes": {
            "arn": "arn:aws:ec2:us-east-1:730335515098:vpc/vpc-0efd280249df00706",
            "assign_generated_ipv6_cidr_block": false,
            "cidr_block": "10.0.0.0/16",
            "default_network_acl_id": "acl-03ef73ebec99fb12d",
            "default_route_table_id": "rtb-0662ae10674715021",
            "default_security_group_id": "sg-0f63a8167ea7993b9",
            "dhcp_options_id": "dopt-048ff7188271ff031",
            "enable_dns_hostnames": false,
            "enable_dns_support": true,
            "enable_network_address_usage_metrics": false,
            "id": "vpc-0efd280249df00706",
            "instance_tenancy": "default",
            "ipv4_ipam_pool_id": null,
            "ipv4_netmask_length": null,
            "ipv6_association_id": "",
            "ipv6_cidr_block": "",
            "ipv6_cidr_block_network_border_group": "",
            "ipv6_ipam_pool_id": "",
            "ipv6_netmask_length": 0,
            "main_route_table_id": "rtb-0662ae10674715021",
            "owner_id": "730335515098",
            "region": "us-east-1",
            "tags": {
              "Name": "vpc-tech-challenge"
            },
            "tags_all": {
              "Name": "vpc-tech-challenge"
            }
          },
          "sensitive_attributes": [],
          "identity_schema_version": 0,
          "identity": {
            "account_id": "730335515098",
            "id": "vpc-0efd280249df00706",
            "region": "us-east-1"
          },
          "private": "eyJzY2hlbWFfdmVyc2lvbiI6IjEifQ=="
        }
      ]
    }
  ],
  "check_results": null
}
