{
  "version": 4,
  "terraform_version": "1.14.7",
  "serial": 76,
  "lineage": "7318e152-f01b-ca43-6864-21895ff6f3de",
  "outputs": {},
  "resources": [
    {
      "module": "module.igw",
      "mode": "managed",
      "type": "aws_internet_gateway",
      "name": "tech_challenge",
      "provider": "provider[\"registry.terraform.io/hashicorp/aws\"]",
      "instances": [
        {
          "schema_version": 0,
          "attributes": {
            "arn": "arn:aws:ec2:us-east-1:730335515098:internet-gateway/igw-043873fd532e36215",
            "id": "igw-043873fd532e36215",
            "owner_id": "730335515098",
            "region": "us-east-1",
            "tags": {
              "Name": "igw-tech-challenge"
            },
            "tags_all": {
              "Name": "igw-tech-challenge"
            },
            "timeouts": null,
            "vpc_id": "vpc-0116b4bf402fec601"
          },
          "sensitive_attributes": [],
          "identity_schema_version": 0,
          "private": "eyJlMmJmYjczMC1lY2FhLTExZTYtOGY4OC0zNDM2M2JjN2M0YzAiOnsiY3JlYXRlIjoxMjAwMDAwMDAwMDAwLCJkZWxldGUiOjEyMDAwMDAwMDAwMDAsInVwZGF0ZSI6MTIwMDAwMDAwMDAwMH19",
          "dependencies": [
            "module.subnet_pub_a.aws_subnet.tech_challenge",
            "module.vpc.aws_vpc.tech_challenge"
          ]
        }
      ]
    },
    {
      "module": "module.ngw",
      "mode": "managed",
      "type": "aws_eip",
      "name": "eip_nat_tech_challenge",
      "provider": "provider[\"registry.terraform.io/hashicorp/aws\"]",
      "instances": [
        {
          "schema_version": 0,
          "attributes": {
            "address": null,
            "allocation_id": "eipalloc-0e251a142c15c24b0",
            "arn": "arn:aws:ec2:us-east-1:730335515098:elastic-ip/eipalloc-0e251a142c15c24b0",
            "associate_with_private_ip": null,
            "association_id": "",
            "carrier_ip": "",
            "customer_owned_ip": "",
            "customer_owned_ipv4_pool": "",
            "domain": "vpc",
            "id": "eipalloc-0e251a142c15c24b0",
            "instance": "",
            "ipam_pool_id": null,
            "network_border_group": "us-east-1",
            "network_interface": "",
            "private_dns": null,
            "private_ip": "",
            "ptr_record": "",
            "public_dns": "ec2-32-192-94-27.compute-1.amazonaws.com",
            "public_ip": "32.192.94.27",
            "public_ipv4_pool": "amazon",
            "region": "us-east-1",
            "tags": null,
            "tags_all": {},
            "timeouts": null
          },
          "sensitive_attributes": [],
          "identity_schema_version": 0,
          "private": "eyJlMmJmYjczMC1lY2FhLTExZTYtOGY4OC0zNDM2M2JjN2M0YzAiOnsiZGVsZXRlIjoxODAwMDAwMDAwMDAsInJlYWQiOjkwMDAwMDAwMDAwMCwidXBkYXRlIjozMDAwMDAwMDAwMDB9fQ==",
          "dependencies": [
            "module.igw.aws_internet_gateway.tech_challenge",
            "module.subnet_pub_a.aws_subnet.tech_challenge",
            "module.vpc.aws_vpc.tech_challenge"
          ]
        }
      ]
    },
    {
      "module": "module.ngw",
      "mode": "managed",
      "type": "aws_nat_gateway",
      "name": "tech_challenge",
      "provider": "provider[\"registry.terraform.io/hashicorp/aws\"]",
      "instances": [
        {
          "schema_version": 0,
          "attributes": {
            "allocation_id": "eipalloc-0e251a142c15c24b0",
            "association_id": "eipassoc-01e3c7425fb4b063c",
            "auto_provision_zones": null,
            "auto_scaling_ips": null,
            "availability_mode": "zonal",
            "availability_zone_address": [],
            "connectivity_type": "public",
            "id": "nat-07f7eea3f192eaa9a",
            "network_interface_id": "eni-02c9ad6129c358cd8",
            "private_ip": "10.0.2.253",
            "public_ip": "32.192.94.27",
            "region": "us-east-1",
            "regional_nat_gateway_address": [],
            "regional_nat_gateway_auto_mode": null,
            "route_table_id": null,
            "secondary_allocation_ids": [],
            "secondary_private_ip_address_count": 0,
            "secondary_private_ip_addresses": [],
            "subnet_id": "subnet-092eb6ae2d92985a2",
            "tags": {
              "Name": "ngw-tech-challenge"
            },
            "tags_all": {
              "Name": "ngw-tech-challenge"
            },
            "timeouts": null,
            "vpc_id": "vpc-0116b4bf402fec601"
          },
          "sensitive_attributes": [],
          "identity_schema_version": 0,
          "private": "eyJlMmJmYjczMC1lY2FhLTExZTYtOGY4OC0zNDM2M2JjN2M0YzAiOnsiY3JlYXRlIjo2MDAwMDAwMDAwMDAsImRlbGV0ZSI6MTgwMDAwMDAwMDAwMCwidXBkYXRlIjo2MDAwMDAwMDAwMDB9fQ==",
          "dependencies": [
            "module.igw.aws_internet_gateway.tech_challenge",
            "module.ngw.aws_eip.eip_nat_tech_challenge",
            "module.subnet_pub_a.aws_subnet.tech_challenge",
            "module.vpc.aws_vpc.tech_challenge"
          ]
        }
      ]
    },
    {
      "module": "module.route_table_priv",
      "mode": "managed",
      "type": "aws_route_table",
      "name": "tech_challenge",
      "provider": "provider[\"registry.terraform.io/hashicorp/aws\"]",
      "instances": [
        {
          "schema_version": 0,
          "attributes": {
            "arn": "arn:aws:ec2:us-east-1:730335515098:route-table/rtb-0e94dc5183433d916",
            "id": "rtb-0e94dc5183433d916",
            "owner_id": "730335515098",
            "propagating_vgws": [],
            "region": "us-east-1",
            "route": [
              {
                "carrier_gateway_id": "",
                "cidr_block": "0.0.0.0/0",
                "core_network_arn": "",
                "destination_prefix_list_id": "",
                "egress_only_gateway_id": "",
                "gateway_id": "nat-07f7eea3f192eaa9a",
                "ipv6_cidr_block": "",
                "local_gateway_id": "",
                "nat_gateway_id": "",
                "network_interface_id": "",
                "transit_gateway_id": "",
                "vpc_endpoint_id": "",
                "vpc_peering_connection_id": ""
              }
            ],
            "tags": {
              "Name": "rt-table-tech-challenge"
            },
            "tags_all": {
              "Name": "rt-table-tech-challenge"
            },
            "timeouts": null,
            "vpc_id": "vpc-0116b4bf402fec601"
          },
          "sensitive_attributes": [],
          "identity_schema_version": 0,
          "identity": {
            "account_id": "730335515098",
            "id": "rtb-0e94dc5183433d916",
            "region": "us-east-1"
          },
          "private": "eyJlMmJmYjczMC1lY2FhLTExZTYtOGY4OC0zNDM2M2JjN2M0YzAiOnsiY3JlYXRlIjozMDAwMDAwMDAwMDAsImRlbGV0ZSI6MzAwMDAwMDAwMDAwLCJ1cGRhdGUiOjEyMDAwMDAwMDAwMH19",
          "dependencies": [
            "module.igw.aws_internet_gateway.tech_challenge",
            "module.ngw.aws_eip.eip_nat_tech_challenge",
            "module.ngw.aws_nat_gateway.tech_challenge",
            "module.subnet_pub_a.aws_subnet.tech_challenge",
            "module.vpc.aws_vpc.tech_challenge"
          ]
        }
      ]
    },
    {
      "module": "module.route_table_priv",
      "mode": "managed",
      "type": "aws_route_table_association",
      "name": "a",
      "provider": "provider[\"registry.terraform.io/hashicorp/aws\"]",
      "instances": [
        {
          "schema_version": 0,
          "attributes": {
            "gateway_id": "",
            "id": "rtbassoc-0202c5c52c1d7bc6c",
            "region": "us-east-1",
            "route_table_id": "rtb-0e94dc5183433d916",
            "subnet_id": "subnet-0cc19a2a12f21ad13",
            "timeouts": null
          },
          "sensitive_attributes": [],
          "identity_schema_version": 0,
          "private": "eyJlMmJmYjczMC1lY2FhLTExZTYtOGY4OC0zNDM2M2JjN2M0YzAiOnsiY3JlYXRlIjozMDAwMDAwMDAwMDAsImRlbGV0ZSI6MzAwMDAwMDAwMDAwLCJ1cGRhdGUiOjEyMDAwMDAwMDAwMH19",
          "dependencies": [
            "module.igw.aws_internet_gateway.tech_challenge",
            "module.ngw.aws_eip.eip_nat_tech_challenge",
            "module.ngw.aws_nat_gateway.tech_challenge",
            "module.route_table_priv.aws_route_table.tech_challenge",
            "module.subnet_priv_a.aws_subnet.tech_challenge",
            "module.subnet_pub_a.aws_subnet.tech_challenge",
            "module.vpc.aws_vpc.tech_challenge"
          ]
        }
      ]
    },
    {
      "module": "module.route_table_priv",
      "mode": "managed",
      "type": "aws_route_table_association",
      "name": "b",
      "provider": "provider[\"registry.terraform.io/hashicorp/aws\"]",
      "instances": [
        {
          "schema_version": 0,
          "attributes": {
            "gateway_id": "",
            "id": "rtbassoc-0018eeaa112ec59d6",
            "region": "us-east-1",
            "route_table_id": "rtb-0e94dc5183433d916",
            "subnet_id": "subnet-054ae8d475a4ab352",
            "timeouts": null
          },
          "sensitive_attributes": [],
          "identity_schema_version": 0,
          "private": "eyJlMmJmYjczMC1lY2FhLTExZTYtOGY4OC0zNDM2M2JjN2M0YzAiOnsiY3JlYXRlIjozMDAwMDAwMDAwMDAsImRlbGV0ZSI6MzAwMDAwMDAwMDAwLCJ1cGRhdGUiOjEyMDAwMDAwMDAwMH19",
          "dependencies": [
            "module.igw.aws_internet_gateway.tech_challenge",
            "module.ngw.aws_eip.eip_nat_tech_challenge",
            "module.ngw.aws_nat_gateway.tech_challenge",
            "module.route_table_priv.aws_route_table.tech_challenge",
            "module.subnet_priv_b.aws_subnet.tech_challenge",
            "module.subnet_pub_a.aws_subnet.tech_challenge",
            "module.vpc.aws_vpc.tech_challenge"
          ]
        }
      ]
    },
    {
      "module": "module.route_table_pub",
      "mode": "managed",
      "type": "aws_route_table",
      "name": "tech_challenge",
      "provider": "provider[\"registry.terraform.io/hashicorp/aws\"]",
      "instances": [
        {
          "schema_version": 0,
          "attributes": {
            "arn": "arn:aws:ec2:us-east-1:730335515098:route-table/rtb-0dedf3cd8d55b5687",
            "id": "rtb-0dedf3cd8d55b5687",
            "owner_id": "730335515098",
            "propagating_vgws": [],
            "region": "us-east-1",
            "route": [
              {
                "carrier_gateway_id": "",
                "cidr_block": "0.0.0.0/0",
                "core_network_arn": "",
                "destination_prefix_list_id": "",
                "egress_only_gateway_id": "",
                "gateway_id": "igw-043873fd532e36215",
                "ipv6_cidr_block": "",
                "local_gateway_id": "",
                "nat_gateway_id": "",
                "network_interface_id": "",
                "transit_gateway_id": "",
                "vpc_endpoint_id": "",
                "vpc_peering_connection_id": ""
              }
            ],
            "tags": {
              "Name": "rt-table-tech-challenge"
            },
            "tags_all": {
              "Name": "rt-table-tech-challenge"
            },
            "timeouts": null,
            "vpc_id": "vpc-0116b4bf402fec601"
          },
          "sensitive_attributes": [],
          "identity_schema_version": 0,
          "identity": {
            "account_id": "730335515098",
            "id": "rtb-0dedf3cd8d55b5687",
            "region": "us-east-1"
          },
          "private": "eyJlMmJmYjczMC1lY2FhLTExZTYtOGY4OC0zNDM2M2JjN2M0YzAiOnsiY3JlYXRlIjozMDAwMDAwMDAwMDAsImRlbGV0ZSI6MzAwMDAwMDAwMDAwLCJ1cGRhdGUiOjEyMDAwMDAwMDAwMH19",
          "dependencies": [
            "module.igw.aws_internet_gateway.tech_challenge",
            "module.subnet_pub_a.aws_subnet.tech_challenge",
            "module.vpc.aws_vpc.tech_challenge"
          ]
        }
      ]
    },
    {
      "module": "module.route_table_pub",
      "mode": "managed",
      "type": "aws_route_table_association",
      "name": "a",
      "provider": "provider[\"registry.terraform.io/hashicorp/aws\"]",
      "instances": [
        {
          "schema_version": 0,
          "attributes": {
            "gateway_id": "",
            "id": "rtbassoc-067281bd8b16257d2",
            "region": "us-east-1",
            "route_table_id": "rtb-0dedf3cd8d55b5687",
            "subnet_id": "subnet-092eb6ae2d92985a2",
            "timeouts": null
          },
          "sensitive_attributes": [],
          "identity_schema_version": 0,
          "private": "eyJlMmJmYjczMC1lY2FhLTExZTYtOGY4OC0zNDM2M2JjN2M0YzAiOnsiY3JlYXRlIjozMDAwMDAwMDAwMDAsImRlbGV0ZSI6MzAwMDAwMDAwMDAwLCJ1cGRhdGUiOjEyMDAwMDAwMDAwMH19",
          "dependencies": [
            "module.igw.aws_internet_gateway.tech_challenge",
            "module.route_table_pub.aws_route_table.tech_challenge",
            "module.subnet_pub_a.aws_subnet.tech_challenge",
            "module.vpc.aws_vpc.tech_challenge"
          ]
        }
      ]
    },
    {
      "module": "module.route_table_pub",
      "mode": "managed",
      "type": "aws_route_table_association",
      "name": "b",
      "provider": "provider[\"registry.terraform.io/hashicorp/aws\"]",
      "instances": [
        {
          "schema_version": 0,
          "attributes": {
            "gateway_id": "",
            "id": "rtbassoc-0d33d7bed1919c77a",
            "region": "us-east-1",
            "route_table_id": "rtb-0dedf3cd8d55b5687",
            "subnet_id": "subnet-08111c1a949c0b746",
            "timeouts": null
          },
          "sensitive_attributes": [],
          "identity_schema_version": 0,
          "private": "eyJlMmJmYjczMC1lY2FhLTExZTYtOGY4OC0zNDM2M2JjN2M0YzAiOnsiY3JlYXRlIjozMDAwMDAwMDAwMDAsImRlbGV0ZSI6MzAwMDAwMDAwMDAwLCJ1cGRhdGUiOjEyMDAwMDAwMDAwMH19",
          "dependencies": [
            "module.igw.aws_internet_gateway.tech_challenge",
            "module.route_table_pub.aws_route_table.tech_challenge",
            "module.subnet_pub_a.aws_subnet.tech_challenge",
            "module.subnet_pub_b.aws_subnet.tech_challenge",
            "module.vpc.aws_vpc.tech_challenge"
          ]
        }
      ]
    },
    {
      "module": "module.subnet_priv_a",
      "mode": "managed",
      "type": "aws_subnet",
      "name": "tech_challenge",
      "provider": "provider[\"registry.terraform.io/hashicorp/aws\"]",
      "instances": [
        {
          "schema_version": 1,
          "attributes": {
            "arn": "arn:aws:ec2:us-east-1:730335515098:subnet/subnet-0cc19a2a12f21ad13",
            "assign_ipv6_address_on_creation": false,
            "availability_zone": "us-east-1a",
            "availability_zone_id": "use1-az4",
            "cidr_block": "10.0.1.0/24",
            "customer_owned_ipv4_pool": "",
            "enable_dns64": false,
            "enable_lni_at_device_index": 0,
            "enable_resource_name_dns_a_record_on_launch": false,
            "enable_resource_name_dns_aaaa_record_on_launch": false,
            "id": "subnet-0cc19a2a12f21ad13",
            "ipv4_ipam_pool_id": null,
            "ipv4_netmask_length": null,
            "ipv6_cidr_block": "",
            "ipv6_cidr_block_association_id": "",
            "ipv6_ipam_pool_id": null,
            "ipv6_native": false,
            "ipv6_netmask_length": null,
            "map_customer_owned_ip_on_launch": false,
            "map_public_ip_on_launch": false,
            "outpost_arn": "",
            "owner_id": "730335515098",
            "private_dns_hostname_type_on_launch": "ip-name",
            "region": "us-east-1",
            "tags": {
              "Name": "subnet-priv-a-tech-challenge"
            },
            "tags_all": {
              "Name": "subnet-priv-a-tech-challenge"
            },
            "timeouts": null,
            "vpc_id": "vpc-0116b4bf402fec601"
          },
          "sensitive_attributes": [],
          "identity_schema_version": 0,
          "identity": {
            "account_id": "730335515098",
            "id": "subnet-0cc19a2a12f21ad13",
            "region": "us-east-1"
          },
          "private": "eyJlMmJmYjczMC1lY2FhLTExZTYtOGY4OC0zNDM2M2JjN2M0YzAiOnsiY3JlYXRlIjo2MDAwMDAwMDAwMDAsImRlbGV0ZSI6MTIwMDAwMDAwMDAwMH0sInNjaGVtYV92ZXJzaW9uIjoiMSJ9",
          "dependencies": [
            "module.vpc.aws_vpc.tech_challenge"
          ]
        }
      ]
    },
    {
      "module": "module.subnet_priv_b",
      "mode": "managed",
      "type": "aws_subnet",
      "name": "tech_challenge",
      "provider": "provider[\"registry.terraform.io/hashicorp/aws\"]",
      "instances": [
        {
          "schema_version": 1,
          "attributes": {
            "arn": "arn:aws:ec2:us-east-1:730335515098:subnet/subnet-054ae8d475a4ab352",
            "assign_ipv6_address_on_creation": false,
            "availability_zone": "us-east-1b",
            "availability_zone_id": "use1-az6",
            "cidr_block": "10.0.3.0/24",
            "customer_owned_ipv4_pool": "",
            "enable_dns64": false,
            "enable_lni_at_device_index": 0,
            "enable_resource_name_dns_a_record_on_launch": false,
            "enable_resource_name_dns_aaaa_record_on_launch": false,
            "id": "subnet-054ae8d475a4ab352",
            "ipv4_ipam_pool_id": null,
            "ipv4_netmask_length": null,
            "ipv6_cidr_block": "",
            "ipv6_cidr_block_association_id": "",
            "ipv6_ipam_pool_id": null,
            "ipv6_native": false,
            "ipv6_netmask_length": null,
            "map_customer_owned_ip_on_launch": false,
            "map_public_ip_on_launch": false,
            "outpost_arn": "",
            "owner_id": "730335515098",
            "private_dns_hostname_type_on_launch": "ip-name",
            "region": "us-east-1",
            "tags": {
              "Name": "subnet-priv-b-tech-challenge"
            },
            "tags_all": {
              "Name": "subnet-priv-b-tech-challenge"
            },
            "timeouts": null,
            "vpc_id": "vpc-0116b4bf402fec601"
          },
          "sensitive_attributes": [],
          "identity_schema_version": 0,
          "identity": {
            "account_id": "730335515098",
            "id": "subnet-054ae8d475a4ab352",
            "region": "us-east-1"
          },
          "private": "eyJlMmJmYjczMC1lY2FhLTExZTYtOGY4OC0zNDM2M2JjN2M0YzAiOnsiY3JlYXRlIjo2MDAwMDAwMDAwMDAsImRlbGV0ZSI6MTIwMDAwMDAwMDAwMH0sInNjaGVtYV92ZXJzaW9uIjoiMSJ9",
          "dependencies": [
            "module.vpc.aws_vpc.tech_challenge"
          ]
        }
      ]
    },
    {
      "module": "module.subnet_pub_a",
      "mode": "managed",
      "type": "aws_subnet",
      "name": "tech_challenge",
      "provider": "provider[\"registry.terraform.io/hashicorp/aws\"]",
      "instances": [
        {
          "schema_version": 1,
          "attributes": {
            "arn": "arn:aws:ec2:us-east-1:730335515098:subnet/subnet-092eb6ae2d92985a2",
            "assign_ipv6_address_on_creation": false,
            "availability_zone": "us-east-1a",
            "availability_zone_id": "use1-az4",
            "cidr_block": "10.0.2.0/24",
            "customer_owned_ipv4_pool": "",
            "enable_dns64": false,
            "enable_lni_at_device_index": 0,
            "enable_resource_name_dns_a_record_on_launch": false,
            "enable_resource_name_dns_aaaa_record_on_launch": false,
            "id": "subnet-092eb6ae2d92985a2",
            "ipv4_ipam_pool_id": null,
            "ipv4_netmask_length": null,
            "ipv6_cidr_block": "",
            "ipv6_cidr_block_association_id": "",
            "ipv6_ipam_pool_id": null,
            "ipv6_native": false,
            "ipv6_netmask_length": null,
            "map_customer_owned_ip_on_launch": false,
            "map_public_ip_on_launch": false,
            "outpost_arn": "",
            "owner_id": "730335515098",
            "private_dns_hostname_type_on_launch": "ip-name",
            "region": "us-east-1",
            "tags": {
              "Name": "subnet-pub-a-tech-challenge"
            },
            "tags_all": {
              "Name": "subnet-pub-a-tech-challenge"
            },
            "timeouts": null,
            "vpc_id": "vpc-0116b4bf402fec601"
          },
          "sensitive_attributes": [],
          "identity_schema_version": 0,
          "identity": {
            "account_id": "730335515098",
            "id": "subnet-092eb6ae2d92985a2",
            "region": "us-east-1"
          },
          "private": "eyJlMmJmYjczMC1lY2FhLTExZTYtOGY4OC0zNDM2M2JjN2M0YzAiOnsiY3JlYXRlIjo2MDAwMDAwMDAwMDAsImRlbGV0ZSI6MTIwMDAwMDAwMDAwMH0sInNjaGVtYV92ZXJzaW9uIjoiMSJ9",
          "dependencies": [
            "module.vpc.aws_vpc.tech_challenge"
          ]
        }
      ]
    },
    {
      "module": "module.subnet_pub_b",
      "mode": "managed",
      "type": "aws_subnet",
      "name": "tech_challenge",
      "provider": "provider[\"registry.terraform.io/hashicorp/aws\"]",
      "instances": [
        {
          "schema_version": 1,
          "attributes": {
            "arn": "arn:aws:ec2:us-east-1:730335515098:subnet/subnet-08111c1a949c0b746",
            "assign_ipv6_address_on_creation": false,
            "availability_zone": "us-east-1b",
            "availability_zone_id": "use1-az6",
            "cidr_block": "10.0.4.0/24",
            "customer_owned_ipv4_pool": "",
            "enable_dns64": false,
            "enable_lni_at_device_index": 0,
            "enable_resource_name_dns_a_record_on_launch": false,
            "enable_resource_name_dns_aaaa_record_on_launch": false,
            "id": "subnet-08111c1a949c0b746",
            "ipv4_ipam_pool_id": null,
            "ipv4_netmask_length": null,
            "ipv6_cidr_block": "",
            "ipv6_cidr_block_association_id": "",
            "ipv6_ipam_pool_id": null,
            "ipv6_native": false,
            "ipv6_netmask_length": null,
            "map_customer_owned_ip_on_launch": false,
            "map_public_ip_on_launch": false,
            "outpost_arn": "",
            "owner_id": "730335515098",
            "private_dns_hostname_type_on_launch": "ip-name",
            "region": "us-east-1",
            "tags": {
              "Name": "subnet-pub-b-tech-challenge"
            },
            "tags_all": {
              "Name": "subnet-pub-b-tech-challenge"
            },
            "timeouts": null,
            "vpc_id": "vpc-0116b4bf402fec601"
          },
          "sensitive_attributes": [],
          "identity_schema_version": 0,
          "identity": {
            "account_id": "730335515098",
            "id": "subnet-08111c1a949c0b746",
            "region": "us-east-1"
          },
          "private": "eyJlMmJmYjczMC1lY2FhLTExZTYtOGY4OC0zNDM2M2JjN2M0YzAiOnsiY3JlYXRlIjo2MDAwMDAwMDAwMDAsImRlbGV0ZSI6MTIwMDAwMDAwMDAwMH0sInNjaGVtYV92ZXJzaW9uIjoiMSJ9",
          "dependencies": [
            "module.vpc.aws_vpc.tech_challenge"
          ]
        }
      ]
    },
    {
      "module": "module.vpc",
      "mode": "managed",
      "type": "aws_vpc",
      "name": "tech_challenge",
      "provider": "provider[\"registry.terraform.io/hashicorp/aws\"]",
      "instances": [
        {
          "schema_version": 1,
          "attributes": {
            "arn": "arn:aws:ec2:us-east-1:730335515098:vpc/vpc-0116b4bf402fec601",
            "assign_generated_ipv6_cidr_block": false,
            "cidr_block": "10.0.0.0/16",
            "default_network_acl_id": "acl-0a96a553189971c7e",
            "default_route_table_id": "rtb-045b781f65a29f92d",
            "default_security_group_id": "sg-0c17f421511ab2ef6",
            "dhcp_options_id": "dopt-048ff7188271ff031",
            "enable_dns_hostnames": false,
            "enable_dns_support": true,
            "enable_network_address_usage_metrics": false,
            "id": "vpc-0116b4bf402fec601",
            "instance_tenancy": "default",
            "ipv4_ipam_pool_id": null,
            "ipv4_netmask_length": null,
            "ipv6_association_id": "",
            "ipv6_cidr_block": "",
            "ipv6_cidr_block_network_border_group": "",
            "ipv6_ipam_pool_id": "",
            "ipv6_netmask_length": 0,
            "main_route_table_id": "rtb-045b781f65a29f92d",
            "owner_id": "730335515098",
            "region": "us-east-1",
            "tags": {
              "Name": "vpc-tech-challenge"
            },
            "tags_all": {
              "Name": "vpc-tech-challenge"
            }
          },
          "sensitive_attributes": [],
          "identity_schema_version": 0,
          "identity": {
            "account_id": "730335515098",
            "id": "vpc-0116b4bf402fec601",
            "region": "us-east-1"
          },
          "private": "eyJzY2hlbWFfdmVyc2lvbiI6IjEifQ=="
        }
      ]
    }
  ],
  "check_results": null
}
